
Microsoft Visual Studio Solution File, Format Version 12.00
# Visual Studio 15
VisualStudioVersion = 15.0.27703.2042
MinimumVisualStudioVersion = 10.0.40219.1
Project("{FAE04EC0-301F-11D3-BF4B-00C04F79EFBC}") = "Isogram.Tests", "Isogram.Tests\Isogram.Tests.csproj", "{A8962CBB-E8B7-454C-943D-1A92A5CD5AF5}"
EndProject
Global
	GlobalSection(SolutionConfigurationPlatforms) = preSolution
		Debug|Any CPU = Debug|Any CPU
		Release|Any CPU = Release|Any CPU
	EndGlobalSection
	GlobalSection(ProjectConfigurationPlatforms) = postSolution
		{A8962CBB-E8B7-454C-943D-1A92A5CD5AF5}.Debug|Any CPU.ActiveCfg = Debug|Any CPU
		{A8962CBB-E8B7-454C-943D-1A92A5CD5AF5}.Debug|Any CPU.Build.0 = Debug|Any CPU
		{A8962CBB-E8B7-454C-943D-1A92A5CD5AF5}.Release|Any CPU.ActiveCfg = Release|Any CPU
		{A8962CBB-E8B7-454C-943D-1A92A5CD5AF5}.Release|Any CPU.Build.0 = Release|Any CPU
	EndGlobalSection
	GlobalSection(SolutionProperties) = preSolution
		HideSolutionNode = FALSE
	EndGlobalSection
	GlobalSection(ExtensibilityGlobals) = postSolution
		SolutionGuid = {E05C12B5-D81A-49D4-8C1F-D344473AF633}
	EndGlobalSection
EndGlobal
