
Microsoft Visual Studio Solution File, Format Version 12.00
# Visual Studio 15
VisualStudioVersion = 15.0.27703.2042
MinimumVisualStudioVersion = 10.0.40219.1
Project("{FAE04EC0-301F-11D3-BF4B-00C04F79EFBC}") = "StreamReaderHandling", "StreamReaderHandling\StreamReaderHandling.csproj", "{8BCE0B6F-45C0-4D86-8FDA-8838883FA6EE}"
EndProject
Global
	GlobalSection(SolutionConfigurationPlatforms) = preSolution
		Debug|Any CPU = Debug|Any CPU
		Release|Any CPU = Release|Any CPU
	EndGlobalSection
	GlobalSection(ProjectConfigurationPlatforms) = postSolution
		{8BCE0B6F-45C0-4D86-8FDA-8838883FA6EE}.Debug|Any CPU.ActiveCfg = Debug|Any CPU
		{8BCE0B6F-45C0-4D86-8FDA-8838883FA6EE}.Debug|Any CPU.Build.0 = Debug|Any CPU
		{8BCE0B6F-45C0-4D86-8FDA-8838883FA6EE}.Release|Any CPU.ActiveCfg = Release|Any CPU
		{8BCE0B6F-45C0-4D86-8FDA-8838883FA6EE}.Release|Any CPU.Build.0 = Release|Any CPU
	EndGlobalSection
	GlobalSection(SolutionProperties) = preSolution
		HideSolutionNode = FALSE
	EndGlobalSection
	GlobalSection(ExtensibilityGlobals) = postSolution
		SolutionGuid = {61239F9B-8198-49C7-8121-4B7D994A3F40}
	EndGlobalSection
EndGlobal
