
Microsoft Visual Studio Solution File, Format Version 12.00
# Visual Studio 15
VisualStudioVersion = 15.0.27703.2042
MinimumVisualStudioVersion = 10.0.40219.1
Project("{FAE04EC0-301F-11D3-BF4B-00C04F79EFBC}") = "WebApplication8", "WebApplication8\WebApplication8.csproj", "{0EDA467F-24EB-4361-911B-1AE64D59BBF8}"
EndProject
Global
	GlobalSection(SolutionConfigurationPlatforms) = preSolution
		Debug|Any CPU = Debug|Any CPU
		Release|Any CPU = Release|Any CPU
	EndGlobalSection
	GlobalSection(ProjectConfigurationPlatforms) = postSolution
		{0EDA467F-24EB-4361-911B-1AE64D59BBF8}.Debug|Any CPU.ActiveCfg = Debug|Any CPU
		{0EDA467F-24EB-4361-911B-1AE64D59BBF8}.Debug|Any CPU.Build.0 = Debug|Any CPU
		{0EDA467F-24EB-4361-911B-1AE64D59BBF8}.Release|Any CPU.ActiveCfg = Release|Any CPU
		{0EDA467F-24EB-4361-911B-1AE64D59BBF8}.Release|Any CPU.Build.0 = Release|Any CPU
	EndGlobalSection
	GlobalSection(SolutionProperties) = preSolution
		HideSolutionNode = FALSE
	EndGlobalSection
	GlobalSection(ExtensibilityGlobals) = postSolution
		SolutionGuid = {0C47FA16-10A3-4F06-89E2-B7A8016CF438}
	EndGlobalSection
EndGlobal
