
Microsoft Visual Studio Solution File, Format Version 12.00
# Visual Studio 15
VisualStudioVersion = 15.0.27703.2042
MinimumVisualStudioVersion = 10.0.40219.1
Project("{FAE04EC0-301F-11D3-BF4B-00C04F79EFBC}") = "UserDefinedModule", "UserDefinedModule\UserDefinedModule.csproj", "{CEB69393-7E12-4A0C-B8A3-A18F793252A6}"
EndProject
Global
	GlobalSection(SolutionConfigurationPlatforms) = preSolution
		Debug|Any CPU = Debug|Any CPU
		Release|Any CPU = Release|Any CPU
	EndGlobalSection
	GlobalSection(ProjectConfigurationPlatforms) = postSolution
		{CEB69393-7E12-4A0C-B8A3-A18F793252A6}.Debug|Any CPU.ActiveCfg = Debug|Any CPU
		{CEB69393-7E12-4A0C-B8A3-A18F793252A6}.Debug|Any CPU.Build.0 = Debug|Any CPU
		{CEB69393-7E12-4A0C-B8A3-A18F793252A6}.Release|Any CPU.ActiveCfg = Release|Any CPU
		{CEB69393-7E12-4A0C-B8A3-A18F793252A6}.Release|Any CPU.Build.0 = Release|Any CPU
	EndGlobalSection
	GlobalSection(SolutionProperties) = preSolution
		HideSolutionNode = FALSE
	EndGlobalSection
	GlobalSection(ExtensibilityGlobals) = postSolution
		SolutionGuid = {F74A4DBD-594F-429F-8F35-AB9B20A4A708}
	EndGlobalSection
EndGlobal
