
Microsoft Visual Studio Solution File, Format Version 12.00
# Visual Studio 15
VisualStudioVersion = 15.0.27703.2042
MinimumVisualStudioVersion = 10.0.40219.1
Project("{FAE04EC0-301F-11D3-BF4B-00C04F79EFBC}") = "GDP", "GDP\GDP.csproj", "{F5059047-96F0-4BB7-A91B-66C750F1437C}"
EndProject
Global
	GlobalSection(SolutionConfigurationPlatforms) = preSolution
		Debug|Any CPU = Debug|Any CPU
		Release|Any CPU = Release|Any CPU
	EndGlobalSection
	GlobalSection(ProjectConfigurationPlatforms) = postSolution
		{F5059047-96F0-4BB7-A91B-66C750F1437C}.Debug|Any CPU.ActiveCfg = Debug|Any CPU
		{F5059047-96F0-4BB7-A91B-66C750F1437C}.Debug|Any CPU.Build.0 = Debug|Any CPU
		{F5059047-96F0-4BB7-A91B-66C750F1437C}.Release|Any CPU.ActiveCfg = Release|Any CPU
		{F5059047-96F0-4BB7-A91B-66C750F1437C}.Release|Any CPU.Build.0 = Release|Any CPU
	EndGlobalSection
	GlobalSection(SolutionProperties) = preSolution
		HideSolutionNode = FALSE
	EndGlobalSection
	GlobalSection(ExtensibilityGlobals) = postSolution
		SolutionGuid = {12013291-D97D-43E9-AC9F-6CE7EC79680C}
	EndGlobalSection
EndGlobal
