
Microsoft Visual Studio Solution File, Format Version 12.00
# Visual Studio 15
VisualStudioVersion = 15.0.27703.2042
MinimumVisualStudioVersion = 10.0.40219.1
Project("{FAE04EC0-301F-11D3-BF4B-00C04F79EFBC}") = "WebAPI", "WebAPI\WebAPI.csproj", "{46B16F21-3582-4E52-9D3D-BB5A240BDD2E}"
EndProject
Global
	GlobalSection(SolutionConfigurationPlatforms) = preSolution
		Debug|Any CPU = Debug|Any CPU
		Release|Any CPU = Release|Any CPU
	EndGlobalSection
	GlobalSection(ProjectConfigurationPlatforms) = postSolution
		{46B16F21-3582-4E52-9D3D-BB5A240BDD2E}.Debug|Any CPU.ActiveCfg = Debug|Any CPU
		{46B16F21-3582-4E52-9D3D-BB5A240BDD2E}.Debug|Any CPU.Build.0 = Debug|Any CPU
		{46B16F21-3582-4E52-9D3D-BB5A240BDD2E}.Release|Any CPU.ActiveCfg = Release|Any CPU
		{46B16F21-3582-4E52-9D3D-BB5A240BDD2E}.Release|Any CPU.Build.0 = Release|Any CPU
	EndGlobalSection
	GlobalSection(SolutionProperties) = preSolution
		HideSolutionNode = FALSE
	EndGlobalSection
	GlobalSection(ExtensibilityGlobals) = postSolution
		SolutionGuid = {D4F5CEE6-2FED-4ABD-93C1-C53282DEBC83}
	EndGlobalSection
EndGlobal
