
Microsoft Visual Studio Solution File, Format Version 12.00
# Visual Studio 15
VisualStudioVersion = 15.0.27703.2042
MinimumVisualStudioVersion = 10.0.40219.1
Project("{FAE04EC0-301F-11D3-BF4B-00C04F79EFBC}") = "VarunNaggagaHTMLHelpers", "VarunNaggagaHTMLHelpers\VarunNaggagaHTMLHelpers.csproj", "{DC0DA022-93A2-4A1A-902A-72C7D3B599AB}"
EndProject
Global
	GlobalSection(SolutionConfigurationPlatforms) = preSolution
		Debug|Any CPU = Debug|Any CPU
		Release|Any CPU = Release|Any CPU
	EndGlobalSection
	GlobalSection(ProjectConfigurationPlatforms) = postSolution
		{DC0DA022-93A2-4A1A-902A-72C7D3B599AB}.Debug|Any CPU.ActiveCfg = Debug|Any CPU
		{DC0DA022-93A2-4A1A-902A-72C7D3B599AB}.Debug|Any CPU.Build.0 = Debug|Any CPU
		{DC0DA022-93A2-4A1A-902A-72C7D3B599AB}.Release|Any CPU.ActiveCfg = Release|Any CPU
		{DC0DA022-93A2-4A1A-902A-72C7D3B599AB}.Release|Any CPU.Build.0 = Release|Any CPU
	EndGlobalSection
	GlobalSection(SolutionProperties) = preSolution
		HideSolutionNode = FALSE
	EndGlobalSection
	GlobalSection(ExtensibilityGlobals) = postSolution
		SolutionGuid = {2307E0FE-FF58-4B60-8C4A-A59340B6C608}
	EndGlobalSection
EndGlobal
