
Microsoft Visual Studio Solution File, Format Version 12.00
# Visual Studio 15
VisualStudioVersion = 15.0.27703.2042
MinimumVisualStudioVersion = 10.0.40219.1
Project("{FAE04EC0-301F-11D3-BF4B-00C04F79EFBC}") = "AsyncFileHandling", "AsyncFileHandling\AsyncFileHandling.csproj", "{A19830DF-F20E-49E1-B977-868C27456E4B}"
EndProject
Global
	GlobalSection(SolutionConfigurationPlatforms) = preSolution
		Debug|Any CPU = Debug|Any CPU
		Release|Any CPU = Release|Any CPU
	EndGlobalSection
	GlobalSection(ProjectConfigurationPlatforms) = postSolution
		{A19830DF-F20E-49E1-B977-868C27456E4B}.Debug|Any CPU.ActiveCfg = Debug|Any CPU
		{A19830DF-F20E-49E1-B977-868C27456E4B}.Debug|Any CPU.Build.0 = Debug|Any CPU
		{A19830DF-F20E-49E1-B977-868C27456E4B}.Release|Any CPU.ActiveCfg = Release|Any CPU
		{A19830DF-F20E-49E1-B977-868C27456E4B}.Release|Any CPU.Build.0 = Release|Any CPU
	EndGlobalSection
	GlobalSection(SolutionProperties) = preSolution
		HideSolutionNode = FALSE
	EndGlobalSection
	GlobalSection(ExtensibilityGlobals) = postSolution
		SolutionGuid = {32867076-9FCF-4941-BD00-F101F50B4794}
	EndGlobalSection
EndGlobal
